
Microsoft Visual Studio Solution File, Format Version 12.00
# Visual Studio Version 17
VisualStudioVersion = 17.6.33801.468
MinimumVisualStudioVersion = 10.0.40219.1
Project("{FAE04EC0-301F-11D3-BF4B-00C04F79EFBC}") = "Calculadora", "Calculadora\Calculadora.csproj", "{0D27A605-E7DA-4174-8EAF-76E9C8F71A31}"
EndProject
Project("{FAE04EC0-301F-11D3-BF4B-00C04F79EFBC}") = "Calculadora.Testes", "Calculadora.Testes\Calculadora.Testes.csproj", "{0AD3CBD7-DD7E-4D23-86CD-583D300A6F04}"
EndProject
Global
	GlobalSection(SolutionConfigurationPlatforms) = preSolution
		Debug|Any CPU = Debug|Any CPU
		Release|Any CPU = Release|Any CPU
	EndGlobalSection
	GlobalSection(ProjectConfigurationPlatforms) = postSolution
		{0D27A605-E7DA-4174-8EAF-76E9C8F71A31}.Debug|Any CPU.ActiveCfg = Debug|Any CPU
		{0D27A605-E7DA-4174-8EAF-76E9C8F71A31}.Debug|Any CPU.Build.0 = Debug|Any CPU
		{0D27A605-E7DA-4174-8EAF-76E9C8F71A31}.Release|Any CPU.ActiveCfg = Release|Any CPU
		{0D27A605-E7DA-4174-8EAF-76E9C8F71A31}.Release|Any CPU.Build.0 = Release|Any CPU
		{0AD3CBD7-DD7E-4D23-86CD-583D300A6F04}.Debug|Any CPU.ActiveCfg = Debug|Any CPU
		{0AD3CBD7-DD7E-4D23-86CD-583D300A6F04}.Debug|Any CPU.Build.0 = Debug|Any CPU
		{0AD3CBD7-DD7E-4D23-86CD-583D300A6F04}.Release|Any CPU.ActiveCfg = Release|Any CPU
		{0AD3CBD7-DD7E-4D23-86CD-583D300A6F04}.Release|Any CPU.Build.0 = Release|Any CPU
	EndGlobalSection
	GlobalSection(SolutionProperties) = preSolution
		HideSolutionNode = FALSE
	EndGlobalSection
	GlobalSection(ExtensibilityGlobals) = postSolution
		SolutionGuid = {EAE45665-1C2A-4CB5-BE2C-7172642E4981}
	EndGlobalSection
EndGlobal
